
Microsoft Visual Studio Solution File, Format Version 12.00
# Visual Studio Version 16
VisualStudioVersion = 16.0.32126.315
MinimumVisualStudioVersion = 10.0.40219.1
Project("{FAE04EC0-301F-11D3-BF4B-00C04F79EFBC}") = "RevitAPITraining32", "RevitAPITraining32\RevitAPITraining32.csproj", "{49938853-6897-4FD9-88B6-EFC28D3E5020}"
EndProject
Global
	GlobalSection(SolutionConfigurationPlatforms) = preSolution
		Debug|Any CPU = Debug|Any CPU
		Release|Any CPU = Release|Any CPU
	EndGlobalSection
	GlobalSection(ProjectConfigurationPlatforms) = postSolution
		{49938853-6897-4FD9-88B6-EFC28D3E5020}.Debug|Any CPU.ActiveCfg = Debug|Any CPU
		{49938853-6897-4FD9-88B6-EFC28D3E5020}.Debug|Any CPU.Build.0 = Debug|Any CPU
		{49938853-6897-4FD9-88B6-EFC28D3E5020}.Release|Any CPU.ActiveCfg = Release|Any CPU
		{49938853-6897-4FD9-88B6-EFC28D3E5020}.Release|Any CPU.Build.0 = Release|Any CPU
	EndGlobalSection
	GlobalSection(SolutionProperties) = preSolution
		HideSolutionNode = FALSE
	EndGlobalSection
	GlobalSection(ExtensibilityGlobals) = postSolution
		SolutionGuid = {B527F9FA-0CBC-4205-B321-AD5F2A2383E5}
	EndGlobalSection
EndGlobal
